<?xml version="1.0" encoding="utf-8"?>
<Project ToolsVersion="4.0" xmlns="http://schemas.microsoft.com/developer/msbuild/2003">
  <ItemGroup>
    <Filter Include="Source Files">
      <UniqueIdentifier>{4FC737F1-C7A5-4376-A066-2A32D752A2FF}</UniqueIdentifier>
      <Extensions>cpp;cxx;c;def</Extensions>
    </Filter>
    <Filter Include="Header Files">
      <UniqueIdentifier>{93995380-89BD-4b04-88EB-625FBE52EBFB}</UniqueIdentifier>
      <Extensions>h</Extensions>
    </Filter>
    <Filter Include="Form Files">
      <UniqueIdentifier>{99349809-55BA-4b9d-BF79-8FDBB0286EB3}</UniqueIdentifier>
      <Extensions>ui</Extensions>
    </Filter>
    <Filter Include="Resource Files">
      <UniqueIdentifier>{D9D6E242-F8AF-46E4-B9FD-80ECBC20BA3E}</UniqueIdentifier>
      <Extensions>qrc;*</Extensions>
      <ParseFiles>false</ParseFiles>
    </Filter>
    <Filter Include="Generated Files">
      <UniqueIdentifier>{71ED8ED8-ACB9-4CE9-BBE1-E00B30144E11}</UniqueIdentifier>
      <Extensions>moc;h;cpp</Extensions>
      <SourceControlFiles>False</SourceControlFiles>
    </Filter>
    <Filter Include="Generated Files\Debug">
      <UniqueIdentifier>{437408af-8edb-4dbe-a98e-09fa8aee49dc}</UniqueIdentifier>
      <Extensions>cpp;moc</Extensions>
      <SourceControlFiles>False</SourceControlFiles>
    </Filter>
    <Filter Include="Generated Files\Release">
      <UniqueIdentifier>{7227dc0d-06f1-4af2-9465-5c8550230e93}</UniqueIdentifier>
      <Extensions>cpp;moc</Extensions>
      <SourceControlFiles>False</SourceControlFiles>
    </Filter>
    <Filter Include="Source Files\GUI">
      <UniqueIdentifier>{7c8b7208-1c6b-47fe-a779-31e84d280754}</UniqueIdentifier>
    </Filter>
    <Filter Include="Source Files\Core">
      <UniqueIdentifier>{8e098abd-eee2-4c3a-8f2f-201397e1e0a3}</UniqueIdentifier>
    </Filter>
    <Filter Include="Header Files\GUI">
      <UniqueIdentifier>{9ca1ebe6-47d3-478a-b1fa-4cb520e31d13}</UniqueIdentifier>
    </Filter>
    <Filter Include="Header Files\Core">
      <UniqueIdentifier>{77b3392a-cc94-4398-8333-c3758a8001a5}</UniqueIdentifier>
    </Filter>
    <Filter Include="Shaders">
      <UniqueIdentifier>{b3e27ccf-c47b-490f-b6e3-8b071877b004}</UniqueIdentifier>
    </Filter>
    <Filter Include="Header Files\Utils">
      <UniqueIdentifier>{1bf6fbd0-e3ea-4b39-bb41-f0ba649c29e4}</UniqueIdentifier>
    </Filter>
    <Filter Include="Source Files\Utils">
      <UniqueIdentifier>{e9522131-42a5-47de-94e1-ec6af8feea8a}</UniqueIdentifier>
    </Filter>
    <Filter Include="Header Files\GLWrapper">
      <UniqueIdentifier>{122345eb-8aba-433a-9159-47f5679f99d4}</UniqueIdentifier>
    </Filter>
    <Filter Include="Source Files\GLWrapper">
      <UniqueIdentifier>{00efa96e-d450-42af-b752-d028ec87ad89}</UniqueIdentifier>
    </Filter>
  </ItemGroup>
  <ItemGroup>
    <ClCompile Include="src\gui\main.cpp">
      <Filter>Source Files\GUI</Filter>
    </ClCompile>
    <ClCompile Include="GeneratedFiles\qrc_enginetest.cpp">
      <Filter>Generated Files</Filter>
    </ClCompile>
    <ClCompile Include="src\gui\MainWindow.cpp">
      <Filter>Source Files\GUI</Filter>
    </ClCompile>
    <ClCompile Include="src\gui\GLWidget.cpp">
      <Filter>Source Files\GUI</Filter>
    </ClCompile>
    <ClCompile Include="src\core\Scene.cpp">
      <Filter>Source Files\Core</Filter>
    </ClCompile>
    <ClCompile Include="src\core\SceneObject.cpp">
      <Filter>Source Files\Core</Filter>
    </ClCompile>
    <ClCompile Include="src\core\ModelLoader.cpp">
      <Filter>Source Files\Core</Filter>
    </ClCompile>
    <ClCompile Include="GeneratedFiles\Debug\moc_MainWindow.cpp">
      <Filter>Generated Files\Debug</Filter>
    </ClCompile>
    <ClCompile Include="GeneratedFiles\Release\moc_MainWindow.cpp">
      <Filter>Generated Files\Release</Filter>
    </ClCompile>
    <ClCompile Include="src\core\Mesh.cpp">
      <Filter>Source Files\Core</Filter>
    </ClCompile>
    <ClCompile Include="src\core\Engine.cpp">
      <Filter>Source Files\Core</Filter>
    </ClCompile>
    <ClCompile Include="src\core\Camera.cpp">
      <Filter>Source Files\Core</Filter>
    </ClCompile>
    <ClCompile Include="src\utils\File.cpp">
      <Filter>Source Files\Utils</Filter>
    </ClCompile>
    <ClCompile Include="GeneratedFiles\Debug\moc_GLWidget.cpp">
      <Filter>Generated Files\Debug</Filter>
    </ClCompile>
    <ClCompile Include="GeneratedFiles\Release\moc_GLWidget.cpp">
      <Filter>Generated Files\Release</Filter>
    </ClCompile>
    <ClCompile Include="src\utils\glmstreams.cpp">
      <Filter>Source Files\Utils</Filter>
    </ClCompile>
    <ClCompile Include="src\glw\Shader.cpp">
      <Filter>Source Files\GLWrapper</Filter>
    </ClCompile>
    <ClCompile Include="src\glw\ShaderProgram.cpp">
      <Filter>Source Files\GLWrapper</Filter>
    </ClCompile>
    <ClCompile Include="src\glw\Texture.cpp">
      <Filter>Source Files\GLWrapper</Filter>
    </ClCompile>
    <ClCompile Include="src\glw\Buffer.cpp">
      <Filter>Source Files\GLWrapper</Filter>
    </ClCompile>
    <ClCompile Include="src\glw\VertexArray.cpp">
      <Filter>Source Files\GLWrapper</Filter>
    </ClCompile>
    <ClCompile Include="src\core\MeshShader.cpp">
      <Filter>Source Files\Core</Filter>
    </ClCompile>
    <ClCompile Include="src\core\VBOFactory.cpp">
      <Filter>Source Files\Core</Filter>
    </ClCompile>
  </ItemGroup>
  <ItemGroup>
    <CustomBuild Include="src\gui\enginetest.qrc">
      <Filter>Resource Files</Filter>
    </CustomBuild>
    <CustomBuild Include="src\gui\enginetest.ui">
      <Filter>Form Files</Filter>
    </CustomBuild>
    <CustomBuild Include="src\gui\MainWindow.h">
      <Filter>Header Files\GUI</Filter>
    </CustomBuild>
    <CustomBuild Include="src\gui\GLWidget.h">
      <Filter>Header Files\GUI</Filter>
    </CustomBuild>
  </ItemGroup>
  <ItemGroup>
    <ClInclude Include="GeneratedFiles\ui_enginetest.h">
      <Filter>Generated Files</Filter>
    </ClInclude>
    <ClInclude Include="src\core\Light.h">
      <Filter>Header Files\Core</Filter>
    </ClInclude>
    <ClInclude Include="src\core\ModelLoader.h">
      <Filter>Header Files\Core</Filter>
    </ClInclude>
    <ClInclude Include="src\core\openGL.h">
      <Filter>Header Files\Core</Filter>
    </ClInclude>
    <ClInclude Include="src\core\Scene.h">
      <Filter>Header Files\Core</Filter>
    </ClInclude>
    <ClInclude Include="src\core\SceneObject.h">
      <Filter>Header Files\Core</Filter>
    </ClInclude>
    <ClInclude Include="src\core\Material.h">
      <Filter>Header Files\Core</Filter>
    </ClInclude>
    <ClInclude Include="src\core\Mesh.h">
      <Filter>Header Files\Core</Filter>
    </ClInclude>
    <ClInclude Include="src\core\Engine.h">
      <Filter>Header Files\Core</Filter>
    </ClInclude>
    <ClInclude Include="src\core\Camera.h">
      <Filter>Header Files\Core</Filter>
    </ClInclude>
    <ClInclude Include="src\utils\File.h">
      <Filter>Header Files\Utils</Filter>
    </ClInclude>
    <ClInclude Include="src\utils\BoundingBox.h">
      <Filter>Header Files\Utils</Filter>
    </ClInclude>
    <ClInclude Include="src\core\ShaderConfiguration.h">
      <Filter>Header Files\Core</Filter>
    </ClInclude>
    <ClInclude Include="src\glw\Shader.h">
      <Filter>Header Files\GLWrapper</Filter>
    </ClInclude>
    <ClInclude Include="src\glw\Types.h">
      <Filter>Header Files\GLWrapper</Filter>
    </ClInclude>
    <ClInclude Include="src\glw\ShaderProgram.h">
      <Filter>Header Files\GLWrapper</Filter>
    </ClInclude>
    <ClInclude Include="src\glw\Texture.h">
      <Filter>Header Files\GLWrapper</Filter>
    </ClInclude>
    <ClInclude Include="src\glw\VertexArray.h">
      <Filter>Header Files\GLWrapper</Filter>
    </ClInclude>
    <ClInclude Include="src\glw\Buffer.h">
      <Filter>Header Files\GLWrapper</Filter>
    </ClInclude>
    <ClInclude Include="src\glw\GLObject.h">
      <Filter>Header Files\GLWrapper</Filter>
    </ClInclude>
    <ClInclude Include="src\utils\Glmstreams.h">
      <Filter>Header Files\Utils</Filter>
    </ClInclude>
    <ClInclude Include="src\utils\DebugMessage.h">
      <Filter>Header Files\Utils</Filter>
    </ClInclude>
    <ClInclude Include="src\core\Types.h">
      <Filter>Header Files\Core</Filter>
    </ClInclude>
    <ClInclude Include="src\core\MeshShader.h">
      <Filter>Header Files\Core</Filter>
    </ClInclude>
    <ClInclude Include="src\core\VBOFactory.h">
      <Filter>Header Files\Core</Filter>
    </ClInclude>
    <ClInclude Include="src\core\IBOFactory.h">
      <Filter>Header Files\Core</Filter>
    </ClInclude>
    <ClInclude Include="src\utils\ArrowMesh.h">
      <Filter>Header Files\Utils</Filter>
    </ClInclude>
    <ClInclude Include="src\utils\AABBMesh.h">
      <Filter>Header Files\Utils</Filter>
    </ClInclude>
  </ItemGroup>
  <ItemGroup>
    <None Include="shaders\base.frag">
      <Filter>Shaders</Filter>
    </None>
    <None Include="shaders\base.vert">
      <Filter>Shaders</Filter>
    </None>
    <None Include="shaders\lighting_maps.frag">
      <Filter>Shaders</Filter>
    </None>
    <None Include="shaders\phong.frag">
      <Filter>Shaders</Filter>
    </None>
    <None Include="shaders\lighting.frag">
      <Filter>Shaders</Filter>
    </None>
    <None Include="shaders\lighting.vert">
      <Filter>Shaders</Filter>
    </None>
    <None Include="shaders\fill.frag">
      <Filter>Shaders</Filter>
    </None>
    <None Include="shaders\fill.vert">
      <Filter>Shaders</Filter>
    </None>
    <None Include="src\glw\Buffer.inl">
      <Filter>Source Files\GLWrapper</Filter>
    </None>
  </ItemGroup>
</Project>